
Microsoft Visual Studio Solution File, Format Version 12.00
# Visual Studio Version 17
VisualStudioVersion = 17.4.33205.214
MinimumVisualStudioVersion = 10.0.40219.1
Project("{9A19103F-16F7-4668-BE54-9A1E7A4F7556}") = "UserRegistration", "UserRegistration\UserRegistration.csproj", "{D299BA3C-C6A3-475F-9D7B-C5D6B924AD56}"
EndProject
Project("{FAE04EC0-301F-11D3-BF4B-00C04F79EFBC}") = "UnitTestProject", "UnitTestProject\UnitTestProject.csproj", "{39E396B6-DB22-4447-B8A9-37AB57629A3E}"
EndProject
Global
	GlobalSection(SolutionConfigurationPlatforms) = preSolution
		Debug|Any CPU = Debug|Any CPU
		Release|Any CPU = Release|Any CPU
	EndGlobalSection
	GlobalSection(ProjectConfigurationPlatforms) = postSolution
		{D299BA3C-C6A3-475F-9D7B-C5D6B924AD56}.Debug|Any CPU.ActiveCfg = Debug|Any CPU
		{D299BA3C-C6A3-475F-9D7B-C5D6B924AD56}.Debug|Any CPU.Build.0 = Debug|Any CPU
		{D299BA3C-C6A3-475F-9D7B-C5D6B924AD56}.Release|Any CPU.ActiveCfg = Release|Any CPU
		{D299BA3C-C6A3-475F-9D7B-C5D6B924AD56}.Release|Any CPU.Build.0 = Release|Any CPU
		{39E396B6-DB22-4447-B8A9-37AB57629A3E}.Debug|Any CPU.ActiveCfg = Debug|Any CPU
		{39E396B6-DB22-4447-B8A9-37AB57629A3E}.Debug|Any CPU.Build.0 = Debug|Any CPU
		{39E396B6-DB22-4447-B8A9-37AB57629A3E}.Release|Any CPU.ActiveCfg = Release|Any CPU
		{39E396B6-DB22-4447-B8A9-37AB57629A3E}.Release|Any CPU.Build.0 = Release|Any CPU
	EndGlobalSection
	GlobalSection(SolutionProperties) = preSolution
		HideSolutionNode = FALSE
	EndGlobalSection
	GlobalSection(ExtensibilityGlobals) = postSolution
		SolutionGuid = {C9B5E400-45DB-4DB8-B7E4-E614291899C7}
	EndGlobalSection
EndGlobal
